
Microsoft Visual Studio Solution File, Format Version 12.00
# Visual Studio Version 16
VisualStudioVersion = 16.0.32413.511
MinimumVisualStudioVersion = 10.0.40219.1
Project("{9A19103F-16F7-4668-BE54-9A1E7A4F7556}") = "deploy-alternative-to-embedded-exe", "deploy-alternative-to-embedded-exe\deploy-alternative-to-embedded-exe.csproj", "{76C640F0-44FD-4AF3-81AE-3448A4957623}"
EndProject
Global
	GlobalSection(SolutionConfigurationPlatforms) = preSolution
		Debug|Any CPU = Debug|Any CPU
		Release|Any CPU = Release|Any CPU
	EndGlobalSection
	GlobalSection(ProjectConfigurationPlatforms) = postSolution
		{76C640F0-44FD-4AF3-81AE-3448A4957623}.Debug|Any CPU.ActiveCfg = Debug|Any CPU
		{76C640F0-44FD-4AF3-81AE-3448A4957623}.Debug|Any CPU.Build.0 = Debug|Any CPU
		{76C640F0-44FD-4AF3-81AE-3448A4957623}.Release|Any CPU.ActiveCfg = Release|Any CPU
		{76C640F0-44FD-4AF3-81AE-3448A4957623}.Release|Any CPU.Build.0 = Release|Any CPU
	EndGlobalSection
	GlobalSection(SolutionProperties) = preSolution
		HideSolutionNode = FALSE
	EndGlobalSection
	GlobalSection(ExtensibilityGlobals) = postSolution
		SolutionGuid = {9B4F5EFD-5EB9-4D42-BDA4-F686C7B422CD}
	EndGlobalSection
EndGlobal
